
Microsoft Visual Studio Solution File, Format Version 12.00
# Visual Studio Version 17
VisualStudioVersion = 17.2.32630.192
MinimumVisualStudioVersion = 10.0.40219.1
Project("{9A19103F-16F7-4668-BE54-9A1E7A4F7556}") = "R5T.Z0023.Construction", "R5T.Z0023.Construction\R5T.Z0023.Construction.csproj", "{A896E1EE-76CE-487B-9E61-F4FD3AA83C86}"
EndProject
Project("{9A19103F-16F7-4668-BE54-9A1E7A4F7556}") = "R5T.Z0023", "R5T.Z0023\R5T.Z0023.csproj", "{13A271A1-7B46-4C80-8709-D0E6312F8756}"
EndProject
Global
	GlobalSection(SolutionConfigurationPlatforms) = preSolution
		Debug|Any CPU = Debug|Any CPU
		Release|Any CPU = Release|Any CPU
	EndGlobalSection
	GlobalSection(ProjectConfigurationPlatforms) = postSolution
		{A896E1EE-76CE-487B-9E61-F4FD3AA83C86}.Debug|Any CPU.ActiveCfg = Debug|Any CPU
		{A896E1EE-76CE-487B-9E61-F4FD3AA83C86}.Debug|Any CPU.Build.0 = Debug|Any CPU
		{A896E1EE-76CE-487B-9E61-F4FD3AA83C86}.Release|Any CPU.ActiveCfg = Release|Any CPU
		{A896E1EE-76CE-487B-9E61-F4FD3AA83C86}.Release|Any CPU.Build.0 = Release|Any CPU
		{13A271A1-7B46-4C80-8709-D0E6312F8756}.Debug|Any CPU.ActiveCfg = Debug|Any CPU
		{13A271A1-7B46-4C80-8709-D0E6312F8756}.Debug|Any CPU.Build.0 = Debug|Any CPU
		{13A271A1-7B46-4C80-8709-D0E6312F8756}.Release|Any CPU.ActiveCfg = Release|Any CPU
		{13A271A1-7B46-4C80-8709-D0E6312F8756}.Release|Any CPU.Build.0 = Release|Any CPU
	EndGlobalSection
	GlobalSection(SolutionProperties) = preSolution
		HideSolutionNode = FALSE
	EndGlobalSection
	GlobalSection(ExtensibilityGlobals) = postSolution
		SolutionGuid = {5BCF9305-6FE4-429D-A7C8-C4C43C548736}
	EndGlobalSection
EndGlobal
